// !$*UTF8*$!
{
	archiveVersion = 1;
	classes = {
	};
	objectVersion = 46;
	objects = {

/* Begin PBXBuildFile section */
		4E046A4BDA5929915FB5C626 /* libPods-RACDemo.a in Frameworks */ = {isa = PBXBuildFile; fileRef = E589E7AB46407310B4966BBA /* libPods-RACDemo.a */; };
		55148A0B1EFB2D30003E7760 /* Person.m in Sources */ = {isa = PBXBuildFile; fileRef = 55148A0A1EFB2D30003E7760 /* Person.m */; };
		55148A0E1EFB99BC003E7760 /* NetTool.m in Sources */ = {isa = PBXBuildFile; fileRef = 55148A0D1EFB99BC003E7760 /* NetTool.m */; };
		55148A111EFCA22D003E7760 /* clickView.m in Sources */ = {isa = PBXBuildFile; fileRef = 55148A101EFCA22D003E7760 /* clickView.m */; };
		55148A131EFCA23D003E7760 /* clickView.xib in Resources */ = {isa = PBXBuildFile; fileRef = 55148A121EFCA23D003E7760 /* clickView.xib */; };
		552A62A91EFA70C000834332 /* main.m in Sources */ = {isa = PBXBuildFile; fileRef = 552A62A81EFA70C000834332 /* main.m */; };
		552A62AC1EFA70C000834332 /* AppDelegate.m in Sources */ = {isa = PBXBuildFile; fileRef = 552A62AB1EFA70C000834332 /* AppDelegate.m */; };
		552A62AF1EFA70C000834332 /* ViewController.m in Sources */ = {isa = PBXBuildFile; fileRef = 552A62AE1EFA70C000834332 /* ViewController.m */; };
		552A62B21EFA70C000834332 /* Main.storyboard in Resources */ = {isa = PBXBuildFile; fileRef = 552A62B01EFA70C000834332 /* Main.storyboard */; };
		552A62B41EFA70C000834332 /* Assets.xcassets in Resources */ = {isa = PBXBuildFile; fileRef = 552A62B31EFA70C000834332 /* Assets.xcassets */; };
		552A62B71EFA70C000834332 /* LaunchScreen.storyboard in Resources */ = {isa = PBXBuildFile; fileRef = 552A62B51EFA70C000834332 /* LaunchScreen.storyboard */; };
		552A62C21EFA70C000834332 /* RACDemoTests.m in Sources */ = {isa = PBXBuildFile; fileRef = 552A62C11EFA70C000834332 /* RACDemoTests.m */; };
		552A62CD1EFA70C000834332 /* RACDemoUITests.m in Sources */ = {isa = PBXBuildFile; fileRef = 552A62CC1EFA70C000834332 /* RACDemoUITests.m */; };
/* End PBXBuildFile section */

/* Begin PBXContainerItemProxy section */
		552A62BE1EFA70C000834332 /* PBXContainerItemProxy */ = {
			isa = PBXContainerItemProxy;
			containerPortal = 552A629C1EFA70C000834332 /* Project object */;
			proxyType = 1;
			remoteGlobalIDString = 552A62A31EFA70C000834332;
			remoteInfo = RACDemo;
		};
		552A62C91EFA70C000834332 /* PBXContainerItemProxy */ = {
			isa = PBXContainerItemProxy;
			containerPortal = 552A629C1EFA70C000834332 /* Project object */;
			proxyType = 1;
			remoteGlobalIDString = 552A62A31EFA70C000834332;
			remoteInfo = RACDemo;
		};
/* End PBXContainerItemProxy section */

/* Begin PBXFileReference section */
		1722C79B22C1B33AC30473D5 /* Pods-RACDemo.debug.xcconfig */ = {isa = PBXFileReference; includeInIndex = 1; lastKnownFileType = text.xcconfig; name = "Pods-RACDemo.debug.xcconfig"; path = "Pods/Target Support Files/Pods-RACDemo/Pods-RACDemo.debug.xcconfig"; sourceTree = "<group>"; };
		55148A091EFB2D30003E7760 /* Person.h */ = {isa = PBXFileReference; fileEncoding = 4; lastKnownFileType = sourcecode.c.h; path = Person.h; sourceTree = "<group>"; };
		55148A0A1EFB2D30003E7760 /* Person.m */ = {isa = PBXFileReference; fileEncoding = 4; lastKnownFileType = sourcecode.c.objc; path = Person.m; sourceTree = "<group>"; };
		55148A0C1EFB99BC003E7760 /* NetTool.h */ = {isa = PBXFileReference; fileEncoding = 4; lastKnownFileType = sourcecode.c.h; path = NetTool.h; sourceTree = "<group>"; };
		55148A0D1EFB99BC003E7760 /* NetTool.m */ = {isa = PBXFileReference; fileEncoding = 4; lastKnownFileType = sourcecode.c.objc; path = NetTool.m; sourceTree = "<group>"; };
		55148A0F1EFCA22D003E7760 /* clickView.h */ = {isa = PBXFileReference; fileEncoding = 4; lastKnownFileType = sourcecode.c.h; path = clickView.h; sourceTree = "<group>"; };
		55148A101EFCA22D003E7760 /* clickView.m */ = {isa = PBXFileReference; fileEncoding = 4; lastKnownFileType = sourcecode.c.objc; path = clickView.m; sourceTree = "<group>"; };
		55148A121EFCA23D003E7760 /* clickView.xib */ = {isa = PBXFileReference; fileEncoding = 4; lastKnownFileType = file.xib; path = clickView.xib; sourceTree = "<group>"; };
		552A62A41EFA70C000834332 /* RACDemo.app */ = {isa = PBXFileReference; explicitFileType = wrapper.application; includeInIndex = 0; path = RACDemo.app; sourceTree = BUILT_PRODUCTS_DIR; };
		552A62A81EFA70C000834332 /* main.m */ = {isa = PBXFileReference; lastKnownFileType = sourcecode.c.objc; path = main.m; sourceTree = "<group>"; };
		552A62AA1EFA70C000834332 /* AppDelegate.h */ = {isa = PBXFileReference; lastKnownFileType = sourcecode.c.h; path = AppDelegate.h; sourceTree = "<group>"; };
		552A62AB1EFA70C000834332 /* AppDelegate.m */ = {isa = PBXFileReference; lastKnownFileType = sourcecode.c.objc; path = AppDelegate.m; sourceTree = "<group>"; };
		552A62AD1EFA70C000834332 /* ViewController.h */ = {isa = PBXFileReference; lastKnownFileType = sourcecode.c.h; path = ViewController.h; sourceTree = "<group>"; };
		552A62AE1EFA70C000834332 /* ViewController.m */ = {isa = PBXFileReference; lastKnownFileType = sourcecode.c.objc; path = ViewController.m; sourceTree = "<group>"; };
		552A62B11EFA70C000834332 /* Base */ = {isa = PBXFileReference; lastKnownFileType = file.storyboard; name = Base; path = Base.lproj/Main.storyboard; sourceTree = "<group>"; };
		552A62B31EFA70C000834332 /* Assets.xcassets */ = {isa = PBXFileReference; lastKnownFileType = folder.assetcatalog; path = Assets.xcassets; sourceTree = "<group>"; };
		552A62B61EFA70C000834332 /* Base */ = {isa = PBXFileReference; lastKnownFileType = file.storyboard; name = Base; path = Base.lproj/LaunchScreen.storyboard; sourceTree = "<group>"; };
		552A62B81EFA70C000834332 /* Info.plist */ = {isa = PBXFileReference; lastKnownFileType = text.plist.xml; path = Info.plist; sourceTree = "<group>"; };
		552A62BD1EFA70C000834332 /* RACDemoTests.xctest */ = {isa = PBXFileReference; explicitFileType = wrapper.cfbundle; includeInIndex = 0; path = RACDemoTests.xctest; sourceTree = BUILT_PRODUCTS_DIR; };
		552A62C11EFA70C000834332 /* RACDemoTests.m */ = {isa = PBXFileReference; lastKnownFileType = sourcecode.c.objc; path = RACDemoTests.m; sourceTree = "<group>"; };
		552A62C31EFA70C000834332 /* Info.plist */ = {isa = PBXFileReference; lastKnownFileType = text.plist.xml; path = Info.plist; sourceTree = "<group>"; };
		552A62C81EFA70C000834332 /* RACDemoUITests.xctest */ = {isa = PBXFileReference; explicitFileType = wrapper.cfbundle; includeInIndex = 0; path = RACDemoUITests.xctest; sourceTree = BUILT_PRODUCTS_DIR; };
		552A62CC1EFA70C000834332 /* RACDemoUITests.m */ = {isa = PBXFileReference; lastKnownFileType = sourcecode.c.objc; path = RACDemoUITests.m; sourceTree = "<group>"; };
		552A62CE1EFA70C000834332 /* Info.plist */ = {isa = PBXFileReference; lastKnownFileType = text.plist.xml; path = Info.plist; sourceTree = "<group>"; };
		6419F1AEA246A81F6211E0D8 /* Pods-RACDemo.release.xcconfig */ = {isa = PBXFileReference; includeInIndex = 1; lastKnownFileType = text.xcconfig; name = "Pods-RACDemo.release.xcconfig"; path = "Pods/Target Support Files/Pods-RACDemo/Pods-RACDemo.release.xcconfig"; sourceTree = "<group>"; };
		E589E7AB46407310B4966BBA /* libPods-RACDemo.a */ = {isa = PBXFileReference; explicitFileType = archive.ar; includeInIndex = 0; path = "libPods-RACDemo.a"; sourceTree = BUILT_PRODUCTS_DIR; };
/* End PBXFileReference section */

/* Begin PBXFrameworksBuildPhase section */
		552A62A11EFA70C000834332 /* Frameworks */ = {
			isa = PBXFrameworksBuildPhase;
			buildActionMask = 2147483647;
			files = (
				4E046A4BDA5929915FB5C626 /* libPods-RACDemo.a in Frameworks */,
			);
			runOnlyForDeploymentPostprocessing = 0;
		};
		552A62BA1EFA70C000834332 /* Frameworks */ = {
			isa = PBXFrameworksBuildPhase;
			buildActionMask = 2147483647;
			files = (
			);
			runOnlyForDeploymentPostprocessing = 0;
		};
		552A62C51EFA70C000834332 /* Frameworks */ = {
			isa = PBXFrameworksBuildPhase;
			buildActionMask = 2147483647;
			files = (
			);
			runOnlyForDeploymentPostprocessing = 0;
		};
/* End PBXFrameworksBuildPhase section */

/* Begin PBXGroup section */
		552A629B1EFA70C000834332 = {
			isa = PBXGroup;
			children = (
				552A62A61EFA70C000834332 /* RACDemo */,
				552A62C01EFA70C000834332 /* RACDemoTests */,
				552A62CB1EFA70C000834332 /* RACDemoUITests */,
				552A62A51EFA70C000834332 /* Products */,
				EDB5386ABA69377065A8BA6D /* Pods */,
				5BD4C53C361EEB5484EC7869 /* Frameworks */,
			);
			sourceTree = "<group>";
		};
		552A62A51EFA70C000834332 /* Products */ = {
			isa = PBXGroup;
			children = (
				552A62A41EFA70C000834332 /* RACDemo.app */,
				552A62BD1EFA70C000834332 /* RACDemoTests.xctest */,
				552A62C81EFA70C000834332 /* RACDemoUITests.xctest */,
			);
			name = Products;
			sourceTree = "<group>";
		};
		552A62A61EFA70C000834332 /* RACDemo */ = {
			isa = PBXGroup;
			children = (
				552A62AA1EFA70C000834332 /* AppDelegate.h */,
				552A62AB1EFA70C000834332 /* AppDelegate.m */,
				552A62AD1EFA70C000834332 /* ViewController.h */,
				552A62AE1EFA70C000834332 /* ViewController.m */,
				55148A0F1EFCA22D003E7760 /* clickView.h */,
				55148A101EFCA22D003E7760 /* clickView.m */,
				55148A121EFCA23D003E7760 /* clickView.xib */,
				55148A0C1EFB99BC003E7760 /* NetTool.h */,
				55148A0D1EFB99BC003E7760 /* NetTool.m */,
				55148A091EFB2D30003E7760 /* Person.h */,
				55148A0A1EFB2D30003E7760 /* Person.m */,
				552A62B01EFA70C000834332 /* Main.storyboard */,
				552A62B31EFA70C000834332 /* Assets.xcassets */,
				552A62B51EFA70C000834332 /* LaunchScreen.storyboard */,
				552A62B81EFA70C000834332 /* Info.plist */,
				552A62A71EFA70C000834332 /* Supporting Files */,
			);
			path = RACDemo;
			sourceTree = "<group>";
		};
		552A62A71EFA70C000834332 /* Supporting Files */ = {
			isa = PBXGroup;
			children = (
				552A62A81EFA70C000834332 /* main.m */,
			);
			name = "Supporting Files";
			sourceTree = "<group>";
		};
		552A62C01EFA70C000834332 /* RACDemoTests */ = {
			isa = PBXGroup;
			children = (
				552A62C11EFA70C000834332 /* RACDemoTests.m */,
				552A62C31EFA70C000834332 /* Info.plist */,
			);
			path = RACDemoTests;
			sourceTree = "<group>";
		};
		552A62CB1EFA70C000834332 /* RACDemoUITests */ = {
			isa = PBXGroup;
			children = (
				552A62CC1EFA70C000834332 /* RACDemoUITests.m */,
				552A62CE1EFA70C000834332 /* Info.plist */,
			);
			path = RACDemoUITests;
			sourceTree = "<group>";
		};
		5BD4C53C361EEB5484EC7869 /* Frameworks */ = {
			isa = PBXGroup;
			children = (
				E589E7AB46407310B4966BBA /* libPods-RACDemo.a */,
			);
			name = Frameworks;
			sourceTree = "<group>";
		};
		EDB5386ABA69377065A8BA6D /* Pods */ = {
			isa = PBXGroup;
			children = (
				1722C79B22C1B33AC30473D5 /* Pods-RACDemo.debug.xcconfig */,
				6419F1AEA246A81F6211E0D8 /* Pods-RACDemo.release.xcconfig */,
			);
			name = Pods;
			sourceTree = "<group>";
		};
/* End PBXGroup section */

/* Begin PBXNativeTarget section */
		552A62A31EFA70C000834332 /* RACDemo */ = {
			isa = PBXNativeTarget;
			buildConfigurationList = 552A62D11EFA70C000834332 /* Build configuration list for PBXNativeTarget "RACDemo" */;
			buildPhases = (
				2FF6361EF95DA696D96AB758 /* [CP] Check Pods Manifest.lock */,
				552A62A01EFA70C000834332 /* Sources */,
				552A62A11EFA70C000834332 /* Frameworks */,
				552A62A21EFA70C000834332 /* Resources */,
				C77F8DFC5817D9E9F06873F9 /* [CP] Embed Pods Frameworks */,
				D61A58F61D86041FC995FF9C /* [CP] Copy Pods Resources */,
			);
			buildRules = (
			);
			dependencies = (
			);
			name = RACDemo;
			productName = RACDemo;
			productReference = 552A62A41EFA70C000834332 /* RACDemo.app */;
			productType = "com.apple.product-type.application";
		};
		552A62BC1EFA70C000834332 /* RACDemoTests */ = {
			isa = PBXNativeTarget;
			buildConfigurationList = 552A62D41EFA70C000834332 /* Build configuration list for PBXNativeTarget "RACDemoTests" */;
			buildPhases = (
				552A62B91EFA70C000834332 /* Sources */,
				552A62BA1EFA70C000834332 /* Frameworks */,
				552A62BB1EFA70C000834332 /* Resources */,
			);
			buildRules = (
			);
			dependencies = (
				552A62BF1EFA70C000834332 /* PBXTargetDependency */,
			);
			name = RACDemoTests;
			productName = RACDemoTests;
			productReference = 552A62BD1EFA70C000834332 /* RACDemoTests.xctest */;
			productType = "com.apple.product-type.bundle.unit-test";
		};
		552A62C71EFA70C000834332 /* RACDemoUITests */ = {
			isa = PBXNativeTarget;
			buildConfigurationList = 552A62D71EFA70C000834332 /* Build configuration list for PBXNativeTarget "RACDemoUITests" */;
			buildPhases = (
				552A62C41EFA70C000834332 /* Sources */,
				552A62C51EFA70C000834332 /* Frameworks */,
				552A62C61EFA70C000834332 /* Resources */,
			);
			buildRules = (
			);
			dependencies = (
				552A62CA1EFA70C000834332 /* PBXTargetDependency */,
			);
			name = RACDemoUITests;
			productName = RACDemoUITests;
			productReference = 552A62C81EFA70C000834332 /* RACDemoUITests.xctest */;
			productType = "com.apple.product-type.bundle.ui-testing";
		};
/* End PBXNativeTarget section */

/* Begin PBXProject section */
		552A629C1EFA70C000834332 /* Project object */ = {
			isa = PBXProject;
			attributes = {
				LastUpgradeCheck = 0830;
				ORGANIZATIONNAME = poplar;
				TargetAttributes = {
					552A62A31EFA70C000834332 = {
						CreatedOnToolsVersion = 8.3.2;
						DevelopmentTeam = TSUV32LBHT;
						ProvisioningStyle = Automatic;
					};
					552A62BC1EFA70C000834332 = {
						CreatedOnToolsVersion = 8.3.2;
						ProvisioningStyle = Automatic;
						TestTargetID = 552A62A31EFA70C000834332;
					};
					552A62C71EFA70C000834332 = {
						CreatedOnToolsVersion = 8.3.2;
						ProvisioningStyle = Automatic;
						TestTargetID = 552A62A31EFA70C000834332;
					};
				};
			};
			buildConfigurationList = 552A629F1EFA70C000834332 /* Build configuration list for PBXProject "RACDemo" */;
			compatibilityVersion = "Xcode 3.2";
			developmentRegion = English;
			hasScannedForEncodings = 0;
			knownRegions = (
				en,
				Base,
			);
			mainGroup = 552A629B1EFA70C000834332;
			productRefGroup = 552A62A51EFA70C000834332 /* Products */;
			projectDirPath = "";
			projectRoot = "";
			targets = (
				552A62A31EFA70C000834332 /* RACDemo */,
				552A62BC1EFA70C000834332 /* RACDemoTests */,
				552A62C71EFA70C000834332 /* RACDemoUITests */,
			);
		};
/* End PBXProject section */

/* Begin PBXResourcesBuildPhase section */
		552A62A21EFA70C000834332 /* Resources */ = {
			isa = PBXResourcesBuildPhase;
			buildActionMask = 2147483647;
			files = (
				552A62B71EFA70C000834332 /* LaunchScreen.storyboard in Resources */,
				552A62B41EFA70C000834332 /* Assets.xcassets in Resources */,
				552A62B21EFA70C000834332 /* Main.storyboard in Resources */,
				55148A131EFCA23D003E7760 /* clickView.xib in Resources */,
			);
			runOnlyForDeploymentPostprocessing = 0;
		};
		552A62BB1EFA70C000834332 /* Resources */ = {
			isa = PBXResourcesBuildPhase;
			buildActionMask = 2147483647;
			files = (
			);
			runOnlyForDeploymentPostprocessing = 0;
		};
		552A62C61EFA70C000834332 /* Resources */ = {
			isa = PBXResourcesBuildPhase;
			buildActionMask = 2147483647;
			files = (
			);
			runOnlyForDeploymentPostprocessing = 0;
		};
/* End PBXResourcesBuildPhase section */

/* Begin PBXShellScriptBuildPhase section */
		2FF6361EF95DA696D96AB758 /* [CP] Check Pods Manifest.lock */ = {
			isa = PBXShellScriptBuildPhase;
			buildActionMask = 2147483647;
			files = (
			);
			inputPaths = (
			);
			name = "[CP] Check Pods Manifest.lock";
			outputPaths = (
			);
			runOnlyForDeploymentPostprocessing = 0;
			shellPath = /bin/sh;
			shellScript = "diff \"${PODS_ROOT}/../Podfile.lock\" \"${PODS_ROOT}/Manifest.lock\" > /dev/null\nif [ $? != 0 ] ; then\n    # print error to STDERR\n    echo \"error: The sandbox is not in sync with the Podfile.lock. Run 'pod install' or update your CocoaPods installation.\" >&2\n    exit 1\nfi\n";
			showEnvVarsInLog = 0;
		};
		C77F8DFC5817D9E9F06873F9 /* [CP] Embed Pods Frameworks */ = {
			isa = PBXShellScriptBuildPhase;
			buildActionMask = 2147483647;
			files = (
			);
			inputPaths = (
			);
			name = "[CP] Embed Pods Frameworks";
			outputPaths = (
			);
			runOnlyForDeploymentPostprocessing = 0;
			shellPath = /bin/sh;
			shellScript = "\"${SRCROOT}/Pods/Target Support Files/Pods-RACDemo/Pods-RACDemo-frameworks.sh\"\n";
			showEnvVarsInLog = 0;
		};
		D61A58F61D86041FC995FF9C /* [CP] Copy Pods Resources */ = {
			isa = PBXShellScriptBuildPhase;
			buildActionMask = 2147483647;
			files = (
			);
			inputPaths = (
			);
			name = "[CP] Copy Pods Resources";
			outputPaths = (
			);
			runOnlyForDeploymentPostprocessing = 0;
			shellPath = /bin/sh;
			shellScript = "\"${SRCROOT}/Pods/Target Support Files/Pods-RACDemo/Pods-RACDemo-resources.sh\"\n";
			showEnvVarsInLog = 0;
		};
/* End PBXShellScriptBuildPhase section */

/* Begin PBXSourcesBuildPhase section */
		552A62A01EFA70C000834332 /* Sources */ = {
			isa = PBXSourcesBuildPhase;
			buildActionMask = 2147483647;
			files = (
				552A62AF1EFA70C000834332 /* ViewController.m in Sources */,
				55148A0E1EFB99BC003E7760 /* NetTool.m in Sources */,
				552A62AC1EFA70C000834332 /* AppDelegate.m in Sources */,
				55148A0B1EFB2D30003E7760 /* Person.m in Sources */,
				552A62A91EFA70C000834332 /* main.m in Sources */,
				55148A111EFCA22D003E7760 /* clickView.m in Sources */,
			);
			runOnlyForDeploymentPostprocessing = 0;
		};
		552A62B91EFA70C000834332 /* Sources */ = {
			isa = PBXSourcesBuildPhase;
			buildActionMask = 2147483647;
			files = (
				552A62C21EFA70C000834332 /* RACDemoTests.m in Sources */,
			);
			runOnlyForDeploymentPostprocessing = 0;
		};
		552A62C41EFA70C000834332 /* Sources */ = {
			isa = PBXSourcesBuildPhase;
			buildActionMask = 2147483647;
			files = (
				552A62CD1EFA70C000834332 /* RACDemoUITests.m in Sources */,
			);
			runOnlyForDeploymentPostprocessing = 0;
		};
/* End PBXSourcesBuildPhase section */

/* Begin PBXTargetDependency section */
		552A62BF1EFA70C000834332 /* PBXTargetDependency */ = {
			isa = PBXTargetDependency;
			target = 552A62A31EFA70C000834332 /* RACDemo */;
			targetProxy = 552A62BE1EFA70C000834332 /* PBXContainerItemProxy */;
		};
		552A62CA1EFA70C000834332 /* PBXTargetDependency */ = {
			isa = PBXTargetDependency;
			target = 552A62A31EFA70C000834332 /* RACDemo */;
			targetProxy = 552A62C91EFA70C000834332 /* PBXContainerItemProxy */;
		};
/* End PBXTargetDependency section */

/* Begin PBXVariantGroup section */
		552A62B01EFA70C000834332 /* Main.storyboard */ = {
			isa = PBXVariantGroup;
			children = (
				552A62B11EFA70C000834332 /* Base */,
			);
			name = Main.storyboard;
			sourceTree = "<group>";
		};
		552A62B51EFA70C000834332 /* LaunchScreen.storyboard */ = {
			isa = PBXVariantGroup;
			children = (
				552A62B61EFA70C000834332 /* Base */,
			);
			name = LaunchScreen.storyboard;
			sourceTree = "<group>";
		};
/* End PBXVariantGroup section */

/* Begin XCBuildConfiguration section */
		552A62CF1EFA70C000834332 /* Debug */ = {
			isa = XCBuildConfiguration;
			buildSettings = {
				ALWAYS_SEARCH_USER_PATHS = NO;
				CLANG_ANALYZER_NONNULL = YES;
				CLANG_ANALYZER_NUMBER_OBJECT_CONVERSION = YES_AGGRESSIVE;
				CLANG_CXX_LANGUAGE_STANDARD = "gnu++0x";
				CLANG_CXX_LIBRARY = "libc++";
				CLANG_ENABLE_MODULES = YES;
				CLANG_ENABLE_OBJC_ARC = YES;
				CLANG_WARN_BOOL_CONVERSION = YES;
				CLANG_WARN_CONSTANT_CONVERSION = YES;
				CLANG_WARN_DIRECT_OBJC_ISA_USAGE = YES_ERROR;
				CLANG_WARN_DOCUMENTATION_COMMENTS = YES;
				CLANG_WARN_EMPTY_BODY = YES;
				CLANG_WARN_ENUM_CONVERSION = YES;
				CLANG_WARN_INFINITE_RECURSION = YES;
				CLANG_WARN_INT_CONVERSION = YES;
				CLANG_WARN_OBJC_ROOT_CLASS = YES_ERROR;
				CLANG_WARN_SUSPICIOUS_MOVE = YES;
				CLANG_WARN_UNREACHABLE_CODE = YES;
				CLANG_WARN__DUPLICATE_METHOD_MATCH = YES;
				"CODE_SIGN_IDENTITY[sdk=iphoneos*]" = "iPhone Developer";
				COPY_PHASE_STRIP = NO;
				DEBUG_INFORMATION_FORMAT = dwarf;
				ENABLE_STRICT_OBJC_MSGSEND = YES;
				ENABLE_TESTABILITY = YES;
				GCC_C_LANGUAGE_STANDARD = gnu99;
				GCC_DYNAMIC_NO_PIC = NO;
				GCC_NO_COMMON_BLOCKS = YES;
				GCC_OPTIMIZATION_LEVEL = 0;
				GCC_PREPROCESSOR_DEFINITIONS = (
					"DEBUG=1",
					"$(inherited)",
				);
				GCC_WARN_64_TO_32_BIT_CONVERSION = YES;
				GCC_WARN_ABOUT_RETURN_TYPE = YES_ERROR;
				GCC_WARN_UNDECLARED_SELECTOR = YES;
				GCC_WARN_UNINITIALIZED_AUTOS = YES_AGGRESSIVE;
				GCC_WARN_UNUSED_FUNCTION = YES;
				GCC_WARN_UNUSED_VARIABLE = YES;
				IPHONEOS_DEPLOYMENT_TARGET = 10.3;
				MTL_ENABLE_DEBUG_INFO = YES;
				ONLY_ACTIVE_ARCH = YES;
				SDKROOT = iphoneos;
				TARGETED_DEVICE_FAMILY = "1,2";
			};
			name = Debug;
		};
		552A62D01EFA70C000834332 /* Release */ = {
			isa = XCBuildConfiguration;
			buildSettings = {
				ALWAYS_SEARCH_USER_PATHS = NO;
				CLANG_ANALYZER_NONNULL = YES;
				CLANG_ANALYZER_NUMBER_OBJECT_CONVERSION = YES_AGGRESSIVE;
				CLANG_CXX_LANGUAGE_STANDARD = "gnu++0x";
				CLANG_CXX_LIBRARY = "libc++";
				CLANG_ENABLE_MODULES = YES;
				CLANG_ENABLE_OBJC_ARC = YES;
				CLANG_WARN_BOOL_CONVERSION = YES;
				CLANG_WARN_CONSTANT_CONVERSION = YES;
				CLANG_WARN_DIRECT_OBJC_ISA_USAGE = YES_ERROR;
				CLANG_WARN_DOCUMENTATION_COMMENTS = YES;
				CLANG_WARN_EMPTY_BODY = YES;
				CLANG_WARN_ENUM_CONVERSION = YES;
				CLANG_WARN_INFINITE_RECURSION = YES;
				CLANG_WARN_INT_CONVERSION = YES;
				CLANG_WARN_OBJC_ROOT_CLASS = YES_ERROR;
				CLANG_WARN_SUSPICIOUS_MOVE = YES;
				CLANG_WARN_UNREACHABLE_CODE = YES;
				CLANG_WARN__DUPLICATE_METHOD_MATCH = YES;
				"CODE_SIGN_IDENTITY[sdk=iphoneos*]" = "iPhone Developer";
				COPY_PHASE_STRIP = NO;
				DEBUG_INFORMATION_FORMAT = "dwarf-with-dsym";
				ENABLE_NS_ASSERTIONS = NO;
				ENABLE_STRICT_OBJC_MSGSEND = YES;
				GCC_C_LANGUAGE_STANDARD = gnu99;
				GCC_NO_COMMON_BLOCKS = YES;
				GCC_WARN_64_TO_32_BIT_CONVERSION = YES;
				GCC_WARN_ABOUT_RETURN_TYPE = YES_ERROR;
				GCC_WARN_UNDECLARED_SELECTOR = YES;
				GCC_WARN_UNINITIALIZED_AUTOS = YES_AGGRESSIVE;
				GCC_WARN_UNUSED_FUNCTION = YES;
				GCC_WARN_UNUSED_VARIABLE = YES;
				IPHONEOS_DEPLOYMENT_TARGET = 10.3;
				MTL_ENABLE_DEBUG_INFO = NO;
				SDKROOT = iphoneos;
				TARGETED_DEVICE_FAMILY = "1,2";
				VALIDATE_PRODUCT = YES;
			};
			name = Release;
		};
		552A62D21EFA70C000834332 /* Debug */ = {
			isa = XCBuildConfiguration;
			baseConfigurationReference = 1722C79B22C1B33AC30473D5 /* Pods-RACDemo.debug.xcconfig */;
			buildSettings = {
				ASSETCATALOG_COMPILER_APPICON_NAME = AppIcon;
				DEVELOPMENT_TEAM = TSUV32LBHT;
				INFOPLIST_FILE = RACDemo/Info.plist;
				LD_RUNPATH_SEARCH_PATHS = "$(inherited) @executable_path/Frameworks";
				PRODUCT_BUNDLE_IDENTIFIER = poplar.RACDemo;
				PRODUCT_NAME = "$(TARGET_NAME)";
			};
			name = Debug;
		};
		552A62D31EFA70C000834332 /* Release */ = {
			isa = XCBuildConfiguration;
			baseConfigurationReference = 6419F1AEA246A81F6211E0D8 /* Pods-RACDemo.release.xcconfig */;
			buildSettings = {
				ASSETCATALOG_COMPILER_APPICON_NAME = AppIcon;
				DEVELOPMENT_TEAM = TSUV32LBHT;
				INFOPLIST_FILE = RACDemo/Info.plist;
				LD_RUNPATH_SEARCH_PATHS = "$(inherited) @executable_path/Frameworks";
				PRODUCT_BUNDLE_IDENTIFIER = poplar.RACDemo;
				PRODUCT_NAME = "$(TARGET_NAME)";
			};
			name = Release;
		};
		552A62D51EFA70C000834332 /* Debug */ = {
			isa = XCBuildConfiguration;
			buildSettings = {
				BUNDLE_LOADER = "$(TEST_HOST)";
				INFOPLIST_FILE = RACDemoTests/Info.plist;
				LD_RUNPATH_SEARCH_PATHS = "$(inherited) @executable_path/Frameworks @loader_path/Frameworks";
				PRODUCT_BUNDLE_IDENTIFIER = poplar.RACDemoTests;
				PRODUCT_NAME = "$(TARGET_NAME)";
				TEST_HOST = "$(BUILT_PRODUCTS_DIR)/RACDemo.app/RACDemo";
			};
			name = Debug;
		};
		552A62D61EFA70C000834332 /* Release */ = {
			isa = XCBuildConfiguration;
			buildSettings = {
				BUNDLE_LOADER = "$(TEST_HOST)";
				INFOPLIST_FILE = RACDemoTests/Info.plist;
				LD_RUNPATH_SEARCH_PATHS = "$(inherited) @executable_path/Frameworks @loader_path/Frameworks";
				PRODUCT_BUNDLE_IDENTIFIER = poplar.RACDemoTests;
				PRODUCT_NAME = "$(TARGET_NAME)";
				TEST_HOST = "$(BUILT_PRODUCTS_DIR)/RACDemo.app/RACDemo";
			};
			name = Release;
		};
		552A62D81EFA70C000834332 /* Debug */ = {
			isa = XCBuildConfiguration;
			buildSettings = {
				INFOPLIST_FILE = RACDemoUITests/Info.plist;
				LD_RUNPATH_SEARCH_PATHS = "$(inherited) @executable_path/Frameworks @loader_path/Frameworks";
				PRODUCT_BUNDLE_IDENTIFIER = poplar.RACDemoUITests;
				PRODUCT_NAME = "$(TARGET_NAME)";
				TEST_TARGET_NAME = RACDemo;
			};
			name = Debug;
		};
		552A62D91EFA70C000834332 /* Release */ = {
			isa = XCBuildConfiguration;
			buildSettings = {
				INFOPLIST_FILE = RACDemoUITests/Info.plist;
				LD_RUNPATH_SEARCH_PATHS = "$(inherited) @executable_path/Frameworks @loader_path/Frameworks";
				PRODUCT_BUNDLE_IDENTIFIER = poplar.RACDemoUITests;
				PRODUCT_NAME = "$(TARGET_NAME)";
				TEST_TARGET_NAME = RACDemo;
			};
			name = Release;
		};
/* End XCBuildConfiguration section */

/* Begin XCConfigurationList section */
		552A629F1EFA70C000834332 /* Build configuration list for PBXProject "RACDemo" */ = {
			isa = XCConfigurationList;
			buildConfigurations = (
				552A62CF1EFA70C000834332 /* Debug */,
				552A62D01EFA70C000834332 /* Release */,
			);
			defaultConfigurationIsVisible = 0;
			defaultConfigurationName = Release;
		};
		552A62D11EFA70C000834332 /* Build configuration list for PBXNativeTarget "RACDemo" */ = {
			isa = XCConfigurationList;
			buildConfigurations = (
				552A62D21EFA70C000834332 /* Debug */,
				552A62D31EFA70C000834332 /* Release */,
			);
			defaultConfigurationIsVisible = 0;
			defaultConfigurationName = Release;
		};
		552A62D41EFA70C000834332 /* Build configuration list for PBXNativeTarget "RACDemoTests" */ = {
			isa = XCConfigurationList;
			buildConfigurations = (
				552A62D51EFA70C000834332 /* Debug */,
				552A62D61EFA70C000834332 /* Release */,
			);
			defaultConfigurationIsVisible = 0;
			defaultConfigurationName = Release;
		};
		552A62D71EFA70C000834332 /* Build configuration list for PBXNativeTarget "RACDemoUITests" */ = {
			isa = XCConfigurationList;
			buildConfigurations = (
				552A62D81EFA70C000834332 /* Debug */,
				552A62D91EFA70C000834332 /* Release */,
			);
			defaultConfigurationIsVisible = 0;
			defaultConfigurationName = Release;
		};
/* End XCConfigurationList section */
	};
	rootObject = 552A629C1EFA70C000834332 /* Project object */;
}
